
Microsoft Visual Studio Solution File, Format Version 12.00
# Visual Studio Version 16
VisualStudioVersion = 16.0.30907.101
MinimumVisualStudioVersion = 10.0.40219.1
Project("{FAE04EC0-301F-11D3-BF4B-00C04F79EFBC}") = "Merge-sorted-array", "Merge-sorted-array\Merge-sorted-array.csproj", "{519B91B5-B98A-4A06-9D7A-D60D7332A1A4}"
EndProject
Global
	GlobalSection(SolutionConfigurationPlatforms) = preSolution
		Debug|Any CPU = Debug|Any CPU
		Release|Any CPU = Release|Any CPU
	EndGlobalSection
	GlobalSection(ProjectConfigurationPlatforms) = postSolution
		{519B91B5-B98A-4A06-9D7A-D60D7332A1A4}.Debug|Any CPU.ActiveCfg = Debug|Any CPU
		{519B91B5-B98A-4A06-9D7A-D60D7332A1A4}.Debug|Any CPU.Build.0 = Debug|Any CPU
		{519B91B5-B98A-4A06-9D7A-D60D7332A1A4}.Release|Any CPU.ActiveCfg = Release|Any CPU
		{519B91B5-B98A-4A06-9D7A-D60D7332A1A4}.Release|Any CPU.Build.0 = Release|Any CPU
	EndGlobalSection
	GlobalSection(SolutionProperties) = preSolution
		HideSolutionNode = FALSE
	EndGlobalSection
	GlobalSection(ExtensibilityGlobals) = postSolution
		SolutionGuid = {D6341B5D-FCCB-4A6B-A944-6F72A773E13A}
	EndGlobalSection
EndGlobal
